
Microsoft Visual Studio Solution File, Format Version 12.00
# Visual Studio Version 17
VisualStudioVersion = 17.11.35312.102
MinimumVisualStudioVersion = 10.0.40219.1
Project("{FAE04EC0-301F-11D3-BF4B-00C04F79EFBC}") = "caro-winform-socket", "caro-winform-socket.csproj", "{6AA82213-5B66-4119-ADA2-2F977E47247D}"
EndProject
Project("{FAE04EC0-301F-11D3-BF4B-00C04F79EFBC}") = "clients", "clients\clients.csproj", "{0E39BFE9-9441-4F22-BABE-D08C39C50D31}"
EndProject
Project("{FAE04EC0-301F-11D3-BF4B-00C04F79EFBC}") = "servers", "servers\servers.csproj", "{70ED64BC-67FE-4B6D-BDE8-C7ECC43B260B}"
EndProject
Global
	GlobalSection(SolutionConfigurationPlatforms) = preSolution
		Debug|Any CPU = Debug|Any CPU
		Release|Any CPU = Release|Any CPU
	EndGlobalSection
	GlobalSection(ProjectConfigurationPlatforms) = postSolution
		{6AA82213-5B66-4119-ADA2-2F977E47247D}.Debug|Any CPU.ActiveCfg = Debug|Any CPU
		{6AA82213-5B66-4119-ADA2-2F977E47247D}.Debug|Any CPU.Build.0 = Debug|Any CPU
		{6AA82213-5B66-4119-ADA2-2F977E47247D}.Release|Any CPU.ActiveCfg = Release|Any CPU
		{6AA82213-5B66-4119-ADA2-2F977E47247D}.Release|Any CPU.Build.0 = Release|Any CPU
		{0E39BFE9-9441-4F22-BABE-D08C39C50D31}.Debug|Any CPU.ActiveCfg = Debug|Any CPU
		{0E39BFE9-9441-4F22-BABE-D08C39C50D31}.Debug|Any CPU.Build.0 = Debug|Any CPU
		{0E39BFE9-9441-4F22-BABE-D08C39C50D31}.Release|Any CPU.ActiveCfg = Release|Any CPU
		{0E39BFE9-9441-4F22-BABE-D08C39C50D31}.Release|Any CPU.Build.0 = Release|Any CPU
		{70ED64BC-67FE-4B6D-BDE8-C7ECC43B260B}.Debug|Any CPU.ActiveCfg = Debug|Any CPU
		{70ED64BC-67FE-4B6D-BDE8-C7ECC43B260B}.Debug|Any CPU.Build.0 = Debug|Any CPU
		{70ED64BC-67FE-4B6D-BDE8-C7ECC43B260B}.Release|Any CPU.ActiveCfg = Release|Any CPU
		{70ED64BC-67FE-4B6D-BDE8-C7ECC43B260B}.Release|Any CPU.Build.0 = Release|Any CPU
	EndGlobalSection
	GlobalSection(SolutionProperties) = preSolution
		HideSolutionNode = FALSE
	EndGlobalSection
	GlobalSection(ExtensibilityGlobals) = postSolution
		SolutionGuid = {D5B377FC-B351-44AC-98AA-9F6C0D5EAD7D}
	EndGlobalSection
EndGlobal
