
Microsoft Visual Studio Solution File, Format Version 12.00
# Visual Studio Version 17
VisualStudioVersion = 17.11.35312.102
MinimumVisualStudioVersion = 10.0.40219.1
Project("{FAE04EC0-301F-11D3-BF4B-00C04F79EFBC}") = "clients", "clients\clients.csproj", "{868C5BFA-2E03-4A2B-AF5F-71C045E19C6F}"
EndProject
Project("{2150E333-8FDC-42A3-9474-1A3956D46DE8}") = "Solution Items", "Solution Items", "{19AD7A2E-B36C-41F2-9488-B876F2CA4CE9}"
	ProjectSection(SolutionItems) = preProject
		servers\servers.csproj = servers\servers.csproj
	EndProjectSection
EndProject
Project("{FAE04EC0-301F-11D3-BF4B-00C04F79EFBC}") = "servers", "servers\servers.csproj", "{C0FC5E08-7ED6-4D82-B99B-8E9403D2BDC8}"
EndProject
Global
	GlobalSection(SolutionConfigurationPlatforms) = preSolution
		Debug|Any CPU = Debug|Any CPU
		Release|Any CPU = Release|Any CPU
	EndGlobalSection
	GlobalSection(ProjectConfigurationPlatforms) = postSolution
		{868C5BFA-2E03-4A2B-AF5F-71C045E19C6F}.Debug|Any CPU.ActiveCfg = Debug|Any CPU
		{868C5BFA-2E03-4A2B-AF5F-71C045E19C6F}.Debug|Any CPU.Build.0 = Debug|Any CPU
		{868C5BFA-2E03-4A2B-AF5F-71C045E19C6F}.Release|Any CPU.ActiveCfg = Release|Any CPU
		{868C5BFA-2E03-4A2B-AF5F-71C045E19C6F}.Release|Any CPU.Build.0 = Release|Any CPU
		{C0FC5E08-7ED6-4D82-B99B-8E9403D2BDC8}.Debug|Any CPU.ActiveCfg = Debug|Any CPU
		{C0FC5E08-7ED6-4D82-B99B-8E9403D2BDC8}.Debug|Any CPU.Build.0 = Debug|Any CPU
		{C0FC5E08-7ED6-4D82-B99B-8E9403D2BDC8}.Release|Any CPU.ActiveCfg = Release|Any CPU
		{C0FC5E08-7ED6-4D82-B99B-8E9403D2BDC8}.Release|Any CPU.Build.0 = Release|Any CPU
	EndGlobalSection
	GlobalSection(SolutionProperties) = preSolution
		HideSolutionNode = FALSE
	EndGlobalSection
	GlobalSection(ExtensibilityGlobals) = postSolution
		SolutionGuid = {A150D16E-2C2C-449D-8949-1C63355C5F72}
	EndGlobalSection
EndGlobal
